
Microsoft Visual Studio Solution File, Format Version 12.00
# Visual Studio Version 17
VisualStudioVersion = 17.10.35013.160
MinimumVisualStudioVersion = 10.0.40219.1
Project("{2150E333-8FDC-42A3-9474-1A3956D46DE8}") = "Src", "Src", "{40FC2C50-38E4-46C3-8AE2-46B9B702F24F}"
EndProject
Project("{2150E333-8FDC-42A3-9474-1A3956D46DE8}") = "Test", "Test", "{6955A146-094A-4364-9150-AFCBA977E472}"
EndProject
Project("{2150E333-8FDC-42A3-9474-1A3956D46DE8}") = "Api", "Api", "{DC4A5B95-7ABC-4337-A6AC-5F6726AEAFAF}"
EndProject
Project("{2150E333-8FDC-42A3-9474-1A3956D46DE8}") = "Core", "Core", "{10B0637C-7258-4B1E-854F-C470ED8B6348}"
EndProject
Project("{2150E333-8FDC-42A3-9474-1A3956D46DE8}") = "Infrastructure", "Infrastructure", "{885E777C-C7D3-4EEE-87B6-0211D8DFAB70}"
EndProject
Project("{2150E333-8FDC-42A3-9474-1A3956D46DE8}") = "Ui", "Ui", "{8C2FBBD4-701A-4A7A-A38C-7236CA1526C3}"
EndProject
Project("{2150E333-8FDC-42A3-9474-1A3956D46DE8}") = "Ui", "Ui", "{01E89F0D-C63D-4558-93A4-5116EFA349BA}"
EndProject
Project("{2150E333-8FDC-42A3-9474-1A3956D46DE8}") = "Client", "Client", "{4AFF4A30-0B07-44FE-82AB-9ABBAF04C866}"
EndProject
Project("{9A19103F-16F7-4668-BE54-9A1E7A4F7556}") = "LinkDev.Talabat.Api", "LinkDev.Talabat.Api\LinkDev.Talabat.Api.csproj", "{FFC5184C-2222-4299-BF38-FE09117F36E9}"
EndProject
Project("{9A19103F-16F7-4668-BE54-9A1E7A4F7556}") = "LinkDev.Talabat.Core.Domain", "LinkDev.Talabat.Core.Domain\LinkDev.Talabat.Core.Domain.csproj", "{C0BF4DA5-8AFF-4C15-8DC6-03CE85D3220E}"
EndProject
Project("{9A19103F-16F7-4668-BE54-9A1E7A4F7556}") = "LinkDev.Talabat.Core.Application", "LinkDev.Talabat.Core.Application\LinkDev.Talabat.Core.Application.csproj", "{9FFBC646-5A04-47E6-89EA-447FB94BD92A}"
EndProject
Project("{9A19103F-16F7-4668-BE54-9A1E7A4F7556}") = "LinkDev.Talabat.Core.Application.Abstraction", "LinkDev.Talabat.Core. Application.Abstraction\LinkDev.Talabat.Core.Application.Abstraction.csproj", "{F0C6A099-F17C-4EBE-B331-540B9A679E4B}"
EndProject
Project("{9A19103F-16F7-4668-BE54-9A1E7A4F7556}") = "LinkDev.Talabat.Infrastrucutre.Infrastructure", "LinkDev.Talabat.Infrastrucutre.Infrastructure\LinkDev.Talabat.Infrastrucutre.Infrastructure.csproj", "{F4ADDDA6-6DD8-430C-B267-0F3A7B31E6FB}"
EndProject
Project("{9A19103F-16F7-4668-BE54-9A1E7A4F7556}") = "LinkDev.Talabat.Infrastructure.Peresistance", "LinkDev.Talabat.Infrastructure.Peresistance\LinkDev.Talabat.Infrastructure.Peresistance.csproj", "{BE7D4495-56B2-498F-A502-386D7D304318}"
EndProject
Project("{9A19103F-16F7-4668-BE54-9A1E7A4F7556}") = "LinkDev.Talabat.Apis.Controllers", "LinkDev.Talabat.Apis.Controllers\LinkDev.Talabat.Apis.Controllers.csproj", "{52672BD6-EB3D-4547-8427-E6B1419E041A}"
EndProject
Project("{FAE04EC0-301F-11D3-BF4B-00C04F79EFBC}") = "Talabat.DashBoard", "Talabat.DashBoard\Talabat.DashBoard.csproj", "{2002C6F5-3F35-4C36-BD9E-ED187D0EA450}"
EndProject
Project("{FAE04EC0-301F-11D3-BF4B-00C04F79EFBC}") = "Talabat.DashBoardAdminstrator", "Talabat.DashBoardAdminstrator\Talabat.DashBoardAdminstrator.csproj", "{5B0A6735-8767-4EDC-A02A-1CC89C1F3344}"
EndProject
Global
	GlobalSection(SolutionConfigurationPlatforms) = preSolution
		Debug|Any CPU = Debug|Any CPU
		Release|Any CPU = Release|Any CPU
	EndGlobalSection
	GlobalSection(ProjectConfigurationPlatforms) = postSolution
		{FFC5184C-2222-4299-BF38-FE09117F36E9}.Debug|Any CPU.ActiveCfg = Debug|Any CPU
		{FFC5184C-2222-4299-BF38-FE09117F36E9}.Debug|Any CPU.Build.0 = Debug|Any CPU
		{FFC5184C-2222-4299-BF38-FE09117F36E9}.Release|Any CPU.ActiveCfg = Release|Any CPU
		{FFC5184C-2222-4299-BF38-FE09117F36E9}.Release|Any CPU.Build.0 = Release|Any CPU
		{C0BF4DA5-8AFF-4C15-8DC6-03CE85D3220E}.Debug|Any CPU.ActiveCfg = Debug|Any CPU
		{C0BF4DA5-8AFF-4C15-8DC6-03CE85D3220E}.Debug|Any CPU.Build.0 = Debug|Any CPU
		{C0BF4DA5-8AFF-4C15-8DC6-03CE85D3220E}.Release|Any CPU.ActiveCfg = Release|Any CPU
		{C0BF4DA5-8AFF-4C15-8DC6-03CE85D3220E}.Release|Any CPU.Build.0 = Release|Any CPU
		{9FFBC646-5A04-47E6-89EA-447FB94BD92A}.Debug|Any CPU.ActiveCfg = Debug|Any CPU
		{9FFBC646-5A04-47E6-89EA-447FB94BD92A}.Debug|Any CPU.Build.0 = Debug|Any CPU
		{9FFBC646-5A04-47E6-89EA-447FB94BD92A}.Release|Any CPU.ActiveCfg = Release|Any CPU
		{9FFBC646-5A04-47E6-89EA-447FB94BD92A}.Release|Any CPU.Build.0 = Release|Any CPU
		{F0C6A099-F17C-4EBE-B331-540B9A679E4B}.Debug|Any CPU.ActiveCfg = Debug|Any CPU
		{F0C6A099-F17C-4EBE-B331-540B9A679E4B}.Debug|Any CPU.Build.0 = Debug|Any CPU
		{F0C6A099-F17C-4EBE-B331-540B9A679E4B}.Release|Any CPU.ActiveCfg = Release|Any CPU
		{F0C6A099-F17C-4EBE-B331-540B9A679E4B}.Release|Any CPU.Build.0 = Release|Any CPU
		{F4ADDDA6-6DD8-430C-B267-0F3A7B31E6FB}.Debug|Any CPU.ActiveCfg = Debug|Any CPU
		{F4ADDDA6-6DD8-430C-B267-0F3A7B31E6FB}.Debug|Any CPU.Build.0 = Debug|Any CPU
		{F4ADDDA6-6DD8-430C-B267-0F3A7B31E6FB}.Release|Any CPU.ActiveCfg = Release|Any CPU
		{F4ADDDA6-6DD8-430C-B267-0F3A7B31E6FB}.Release|Any CPU.Build.0 = Release|Any CPU
		{BE7D4495-56B2-498F-A502-386D7D304318}.Debug|Any CPU.ActiveCfg = Debug|Any CPU
		{BE7D4495-56B2-498F-A502-386D7D304318}.Debug|Any CPU.Build.0 = Debug|Any CPU
		{BE7D4495-56B2-498F-A502-386D7D304318}.Release|Any CPU.ActiveCfg = Release|Any CPU
		{BE7D4495-56B2-498F-A502-386D7D304318}.Release|Any CPU.Build.0 = Release|Any CPU
		{52672BD6-EB3D-4547-8427-E6B1419E041A}.Debug|Any CPU.ActiveCfg = Debug|Any CPU
		{52672BD6-EB3D-4547-8427-E6B1419E041A}.Debug|Any CPU.Build.0 = Debug|Any CPU
		{52672BD6-EB3D-4547-8427-E6B1419E041A}.Release|Any CPU.ActiveCfg = Release|Any CPU
		{52672BD6-EB3D-4547-8427-E6B1419E041A}.Release|Any CPU.Build.0 = Release|Any CPU
		{2002C6F5-3F35-4C36-BD9E-ED187D0EA450}.Debug|Any CPU.ActiveCfg = Debug|Any CPU
		{2002C6F5-3F35-4C36-BD9E-ED187D0EA450}.Debug|Any CPU.Build.0 = Debug|Any CPU
		{2002C6F5-3F35-4C36-BD9E-ED187D0EA450}.Release|Any CPU.ActiveCfg = Release|Any CPU
		{2002C6F5-3F35-4C36-BD9E-ED187D0EA450}.Release|Any CPU.Build.0 = Release|Any CPU
		{5B0A6735-8767-4EDC-A02A-1CC89C1F3344}.Debug|Any CPU.ActiveCfg = Debug|Any CPU
		{5B0A6735-8767-4EDC-A02A-1CC89C1F3344}.Debug|Any CPU.Build.0 = Debug|Any CPU
		{5B0A6735-8767-4EDC-A02A-1CC89C1F3344}.Release|Any CPU.ActiveCfg = Release|Any CPU
		{5B0A6735-8767-4EDC-A02A-1CC89C1F3344}.Release|Any CPU.Build.0 = Release|Any CPU
	EndGlobalSection
	GlobalSection(SolutionProperties) = preSolution
		HideSolutionNode = FALSE
	EndGlobalSection
	GlobalSection(NestedProjects) = preSolution
		{DC4A5B95-7ABC-4337-A6AC-5F6726AEAFAF} = {40FC2C50-38E4-46C3-8AE2-46B9B702F24F}
		{10B0637C-7258-4B1E-854F-C470ED8B6348} = {40FC2C50-38E4-46C3-8AE2-46B9B702F24F}
		{885E777C-C7D3-4EEE-87B6-0211D8DFAB70} = {40FC2C50-38E4-46C3-8AE2-46B9B702F24F}
		{8C2FBBD4-701A-4A7A-A38C-7236CA1526C3} = {40FC2C50-38E4-46C3-8AE2-46B9B702F24F}
		{01E89F0D-C63D-4558-93A4-5116EFA349BA} = {8C2FBBD4-701A-4A7A-A38C-7236CA1526C3}
		{4AFF4A30-0B07-44FE-82AB-9ABBAF04C866} = {8C2FBBD4-701A-4A7A-A38C-7236CA1526C3}
		{FFC5184C-2222-4299-BF38-FE09117F36E9} = {DC4A5B95-7ABC-4337-A6AC-5F6726AEAFAF}
		{C0BF4DA5-8AFF-4C15-8DC6-03CE85D3220E} = {10B0637C-7258-4B1E-854F-C470ED8B6348}
		{9FFBC646-5A04-47E6-89EA-447FB94BD92A} = {10B0637C-7258-4B1E-854F-C470ED8B6348}
		{F0C6A099-F17C-4EBE-B331-540B9A679E4B} = {10B0637C-7258-4B1E-854F-C470ED8B6348}
		{F4ADDDA6-6DD8-430C-B267-0F3A7B31E6FB} = {885E777C-C7D3-4EEE-87B6-0211D8DFAB70}
		{BE7D4495-56B2-498F-A502-386D7D304318} = {885E777C-C7D3-4EEE-87B6-0211D8DFAB70}
		{52672BD6-EB3D-4547-8427-E6B1419E041A} = {DC4A5B95-7ABC-4337-A6AC-5F6726AEAFAF}
		{2002C6F5-3F35-4C36-BD9E-ED187D0EA450} = {01E89F0D-C63D-4558-93A4-5116EFA349BA}
		{5B0A6735-8767-4EDC-A02A-1CC89C1F3344} = {01E89F0D-C63D-4558-93A4-5116EFA349BA}
	EndGlobalSection
	GlobalSection(ExtensibilityGlobals) = postSolution
		SolutionGuid = {AE6BCBC2-25C7-43F8-B0B9-83D1C243ADCC}
	EndGlobalSection
EndGlobal
